
Microsoft Visual Studio Solution File, Format Version 12.00
# Visual Studio 15
VisualStudioVersion = 15.0.28307.421
MinimumVisualStudioVersion = 10.0.40219.1
Project("{FAE04EC0-301F-11D3-BF4B-00C04F79EFBC}") = "SistemaVenda", "SistemaVenda\SistemaVenda.csproj", "{CC2AF7CE-F9EC-4D5E-A25E-1594904E1239}"
EndProject
Global
	GlobalSection(SolutionConfigurationPlatforms) = preSolution
		Debug|Any CPU = Debug|Any CPU
		Release|Any CPU = Release|Any CPU
	EndGlobalSection
	GlobalSection(ProjectConfigurationPlatforms) = postSolution
		{CC2AF7CE-F9EC-4D5E-A25E-1594904E1239}.Debug|Any CPU.ActiveCfg = Debug|Any CPU
		{CC2AF7CE-F9EC-4D5E-A25E-1594904E1239}.Debug|Any CPU.Build.0 = Debug|Any CPU
		{CC2AF7CE-F9EC-4D5E-A25E-1594904E1239}.Release|Any CPU.ActiveCfg = Release|Any CPU
		{CC2AF7CE-F9EC-4D5E-A25E-1594904E1239}.Release|Any CPU.Build.0 = Release|Any CPU
	EndGlobalSection
	GlobalSection(SolutionProperties) = preSolution
		HideSolutionNode = FALSE
	EndGlobalSection
	GlobalSection(ExtensibilityGlobals) = postSolution
		SolutionGuid = {1C58C01C-5476-4208-8C55-029D94818F49}
	EndGlobalSection
EndGlobal
